
Microsoft Visual Studio Solution File, Format Version 12.00
# Visual Studio Version 17
VisualStudioVersion = 17.11.35312.102
MinimumVisualStudioVersion = 10.0.40219.1
Project("{FAE04EC0-301F-11D3-BF4B-00C04F79EFBC}") = "Aula Back-End", "Aula Back-End\Aula Back-End.csproj", "{7F238A7E-5E84-44C8-8653-8D9137F76D80}"
EndProject
Global
	GlobalSection(SolutionConfigurationPlatforms) = preSolution
		Debug|Any CPU = Debug|Any CPU
		Release|Any CPU = Release|Any CPU
	EndGlobalSection
	GlobalSection(ProjectConfigurationPlatforms) = postSolution
		{7F238A7E-5E84-44C8-8653-8D9137F76D80}.Debug|Any CPU.ActiveCfg = Debug|Any CPU
		{7F238A7E-5E84-44C8-8653-8D9137F76D80}.Debug|Any CPU.Build.0 = Debug|Any CPU
		{7F238A7E-5E84-44C8-8653-8D9137F76D80}.Release|Any CPU.ActiveCfg = Release|Any CPU
		{7F238A7E-5E84-44C8-8653-8D9137F76D80}.Release|Any CPU.Build.0 = Release|Any CPU
	EndGlobalSection
	GlobalSection(SolutionProperties) = preSolution
		HideSolutionNode = FALSE
	EndGlobalSection
	GlobalSection(ExtensibilityGlobals) = postSolution
		SolutionGuid = {65CFE0AE-268A-443C-A17E-1AAD8F42B9F3}
	EndGlobalSection
EndGlobal
